
Microsoft Visual Studio Solution File, Format Version 12.00
# Visual Studio Version 17
VisualStudioVersion = 17.14.36518.9
MinimumVisualStudioVersion = 10.0.40219.1
Project("{FAE04EC0-301F-11D3-BF4B-00C04F79EFBC}") = "V9MvcCoreProject", "V9MvcCoreProject\V9MvcCoreProject.csproj", "{BDE0199D-526A-46CE-A701-22795B674296}"
EndProject
Project("{FAE04EC0-301F-11D3-BF4B-00C04F79EFBC}") = "EncryptionsDecryptions", "EncryptionsDecryptions\EncryptionsDecryptions.csproj", "{90B54914-4359-483B-962E-51D014E97B90}"
EndProject
Project("{FAE04EC0-301F-11D3-BF4B-00C04F79EFBC}") = "Cryptography", "Cryptography\Cryptography.csproj", "{5C8A4CE3-F0B0-4829-85A2-C5A086E0E7D2}"
EndProject
Global
	GlobalSection(SolutionConfigurationPlatforms) = preSolution
		Debug|Any CPU = Debug|Any CPU
		Release|Any CPU = Release|Any CPU
	EndGlobalSection
	GlobalSection(ProjectConfigurationPlatforms) = postSolution
		{BDE0199D-526A-46CE-A701-22795B674296}.Debug|Any CPU.ActiveCfg = Debug|Any CPU
		{BDE0199D-526A-46CE-A701-22795B674296}.Debug|Any CPU.Build.0 = Debug|Any CPU
		{BDE0199D-526A-46CE-A701-22795B674296}.Release|Any CPU.ActiveCfg = Release|Any CPU
		{BDE0199D-526A-46CE-A701-22795B674296}.Release|Any CPU.Build.0 = Release|Any CPU
		{90B54914-4359-483B-962E-51D014E97B90}.Debug|Any CPU.ActiveCfg = Debug|Any CPU
		{90B54914-4359-483B-962E-51D014E97B90}.Debug|Any CPU.Build.0 = Debug|Any CPU
		{90B54914-4359-483B-962E-51D014E97B90}.Release|Any CPU.ActiveCfg = Release|Any CPU
		{90B54914-4359-483B-962E-51D014E97B90}.Release|Any CPU.Build.0 = Release|Any CPU
		{5C8A4CE3-F0B0-4829-85A2-C5A086E0E7D2}.Debug|Any CPU.ActiveCfg = Debug|Any CPU
		{5C8A4CE3-F0B0-4829-85A2-C5A086E0E7D2}.Debug|Any CPU.Build.0 = Debug|Any CPU
		{5C8A4CE3-F0B0-4829-85A2-C5A086E0E7D2}.Release|Any CPU.ActiveCfg = Release|Any CPU
		{5C8A4CE3-F0B0-4829-85A2-C5A086E0E7D2}.Release|Any CPU.Build.0 = Release|Any CPU
	EndGlobalSection
	GlobalSection(SolutionProperties) = preSolution
		HideSolutionNode = FALSE
	EndGlobalSection
	GlobalSection(ExtensibilityGlobals) = postSolution
		SolutionGuid = {0DFA50D6-B035-4664-9453-A9A4A51979BA}
	EndGlobalSection
EndGlobal
